
Microsoft Visual Studio Solution File, Format Version 12.00
# Visual Studio Version 17
VisualStudioVersion = 17.6.33829.357
MinimumVisualStudioVersion = 10.0.40219.1
Project("{FAE04EC0-301F-11D3-BF4B-00C04F79EFBC}") = "PracticaCoches", "PracticaCoches\PracticaCoches.csproj", "{0C01F8DA-FBA9-411E-A508-270BC2104F2F}"
EndProject
Project("{FAE04EC0-301F-11D3-BF4B-00C04F79EFBC}") = "Entidades", "Entidades\Entidades.csproj", "{BB204941-AA42-4AD1-B977-9BFFB393A988}"
EndProject
Global
	GlobalSection(SolutionConfigurationPlatforms) = preSolution
		Debug|Any CPU = Debug|Any CPU
		Release|Any CPU = Release|Any CPU
	EndGlobalSection
	GlobalSection(ProjectConfigurationPlatforms) = postSolution
		{0C01F8DA-FBA9-411E-A508-270BC2104F2F}.Debug|Any CPU.ActiveCfg = Debug|Any CPU
		{0C01F8DA-FBA9-411E-A508-270BC2104F2F}.Debug|Any CPU.Build.0 = Debug|Any CPU
		{0C01F8DA-FBA9-411E-A508-270BC2104F2F}.Release|Any CPU.ActiveCfg = Release|Any CPU
		{0C01F8DA-FBA9-411E-A508-270BC2104F2F}.Release|Any CPU.Build.0 = Release|Any CPU
		{BB204941-AA42-4AD1-B977-9BFFB393A988}.Debug|Any CPU.ActiveCfg = Debug|Any CPU
		{BB204941-AA42-4AD1-B977-9BFFB393A988}.Debug|Any CPU.Build.0 = Debug|Any CPU
		{BB204941-AA42-4AD1-B977-9BFFB393A988}.Release|Any CPU.ActiveCfg = Release|Any CPU
		{BB204941-AA42-4AD1-B977-9BFFB393A988}.Release|Any CPU.Build.0 = Release|Any CPU
	EndGlobalSection
	GlobalSection(SolutionProperties) = preSolution
		HideSolutionNode = FALSE
	EndGlobalSection
	GlobalSection(ExtensibilityGlobals) = postSolution
		SolutionGuid = {33345503-7F42-4E42-BEDD-9B5FE7E33756}
	EndGlobalSection
EndGlobal
